
Microsoft Visual Studio Solution File, Format Version 12.00
# Visual Studio 14
VisualStudioVersion = 14.0.24720.0
MinimumVisualStudioVersion = 10.0.40219.1
Project("{FAE04EC0-301F-11D3-BF4B-00C04F79EFBC}") = "Check_Print", "Check_Print\Check_Print.csproj", "{86CB08C9-C9A6-46A8-BD6A-5297DB257D45}"
EndProject
Global
	GlobalSection(SolutionConfigurationPlatforms) = preSolution
		Debug|Any CPU = Debug|Any CPU
		Release|Any CPU = Release|Any CPU
	EndGlobalSection
	GlobalSection(ProjectConfigurationPlatforms) = postSolution
		{86CB08C9-C9A6-46A8-BD6A-5297DB257D45}.Debug|Any CPU.ActiveCfg = Debug|Any CPU
		{86CB08C9-C9A6-46A8-BD6A-5297DB257D45}.Debug|Any CPU.Build.0 = Debug|Any CPU
		{86CB08C9-C9A6-46A8-BD6A-5297DB257D45}.Release|Any CPU.ActiveCfg = Release|Any CPU
		{86CB08C9-C9A6-46A8-BD6A-5297DB257D45}.Release|Any CPU.Build.0 = Release|Any CPU
	EndGlobalSection
	GlobalSection(SolutionProperties) = preSolution
		HideSolutionNode = FALSE
	EndGlobalSection
EndGlobal
